
Microsoft Visual Studio Solution File, Format Version 12.00
# Visual Studio Version 17
VisualStudioVersion = 17.2.32519.379
MinimumVisualStudioVersion = 10.0.40219.1
Project("{9A19103F-16F7-4668-BE54-9A1E7A4F7556}") = "InvoiceGenerator", "InvoiceGenerator\InvoiceGenerator.csproj", "{7DA1C921-3222-46A4-B671-A5167FB908D2}"
EndProject
Project("{FAE04EC0-301F-11D3-BF4B-00C04F79EFBC}") = "CabInvoiceTestProject", "CabInvoiceTestProject\CabInvoiceTestProject.csproj", "{A0BAEC7E-3910-4B07-B549-FC994010B646}"
EndProject
Global
	GlobalSection(SolutionConfigurationPlatforms) = preSolution
		Debug|Any CPU = Debug|Any CPU
		Release|Any CPU = Release|Any CPU
	EndGlobalSection
	GlobalSection(ProjectConfigurationPlatforms) = postSolution
		{7DA1C921-3222-46A4-B671-A5167FB908D2}.Debug|Any CPU.ActiveCfg = Debug|Any CPU
		{7DA1C921-3222-46A4-B671-A5167FB908D2}.Debug|Any CPU.Build.0 = Debug|Any CPU
		{7DA1C921-3222-46A4-B671-A5167FB908D2}.Release|Any CPU.ActiveCfg = Release|Any CPU
		{7DA1C921-3222-46A4-B671-A5167FB908D2}.Release|Any CPU.Build.0 = Release|Any CPU
		{A0BAEC7E-3910-4B07-B549-FC994010B646}.Debug|Any CPU.ActiveCfg = Debug|Any CPU
		{A0BAEC7E-3910-4B07-B549-FC994010B646}.Debug|Any CPU.Build.0 = Debug|Any CPU
		{A0BAEC7E-3910-4B07-B549-FC994010B646}.Release|Any CPU.ActiveCfg = Release|Any CPU
		{A0BAEC7E-3910-4B07-B549-FC994010B646}.Release|Any CPU.Build.0 = Release|Any CPU
	EndGlobalSection
	GlobalSection(SolutionProperties) = preSolution
		HideSolutionNode = FALSE
	EndGlobalSection
	GlobalSection(ExtensibilityGlobals) = postSolution
		SolutionGuid = {1A37AFF2-7463-4222-A596-05B844F43937}
	EndGlobalSection
EndGlobal
